// !$*UTF8*$!
{
	archiveVersion = 1;
	classes = {
	};
	objectVersion = 56;
	objects = {

/* Begin PBXBuildFile section */
		4A2EA0752998C02C00B00EB7 /* AppDelegate.swift in Sources */ = {isa = PBXBuildFile; fileRef = 4A2EA0742998C02C00B00EB7 /* AppDelegate.swift */; };
		4A2EA0772998C02C00B00EB7 /* SceneDelegate.swift in Sources */ = {isa = PBXBuildFile; fileRef = 4A2EA0762998C02C00B00EB7 /* SceneDelegate.swift */; };
		4A2EA0792998C02C00B00EB7 /* ViewController.swift in Sources */ = {isa = PBXBuildFile; fileRef = 4A2EA0782998C02C00B00EB7 /* ViewController.swift */; };
		4A2EA07C2998C02C00B00EB7 /* Main.storyboard in Resources */ = {isa = PBXBuildFile; fileRef = 4A2EA07A2998C02C00B00EB7 /* Main.storyboard */; };
		4A2EA07E2998C02D00B00EB7 /* Assets.xcassets in Resources */ = {isa = PBXBuildFile; fileRef = 4A2EA07D2998C02D00B00EB7 /* Assets.xcassets */; };
		4A2EA0812998C02D00B00EB7 /* LaunchScreen.storyboard in Resources */ = {isa = PBXBuildFile; fileRef = 4A2EA07F2998C02D00B00EB7 /* LaunchScreen.storyboard */; };
		4A3653122999073700CC01A9 /* NotificationService.swift in Sources */ = {isa = PBXBuildFile; fileRef = 4A3653112999073700CC01A9 /* NotificationService.swift */; };
		4A3653162999073700CC01A9 /* NotificationServiceExtension.appex in Embed Foundation Extensions */ = {isa = PBXBuildFile; fileRef = 4A36530F2999073700CC01A9 /* NotificationServiceExtension.appex */; settings = {ATTRIBUTES = (RemoveHeadersOnCopy, ); }; };
		4AAB0F45299A174D00B737DC /* UserNotifications.framework in Frameworks */ = {isa = PBXBuildFile; fileRef = 4AAB0F44299A174D00B737DC /* UserNotifications.framework */; };
		4AAB0F47299A174D00B737DC /* UserNotificationsUI.framework in Frameworks */ = {isa = PBXBuildFile; fileRef = 4AAB0F46299A174D00B737DC /* UserNotificationsUI.framework */; };
		4AAB0F4A299A174D00B737DC /* NotificationViewController.swift in Sources */ = {isa = PBXBuildFile; fileRef = 4AAB0F49299A174D00B737DC /* NotificationViewController.swift */; };
		4AAB0F4D299A174D00B737DC /* MainInterface.storyboard in Resources */ = {isa = PBXBuildFile; fileRef = 4AAB0F4B299A174D00B737DC /* MainInterface.storyboard */; };
		4AAB0F51299A174D00B737DC /* NotificationContentExtension.appex in Embed Foundation Extensions */ = {isa = PBXBuildFile; fileRef = 4AAB0F42299A174D00B737DC /* NotificationContentExtension.appex */; settings = {ATTRIBUTES = (RemoveHeadersOnCopy, ); }; };
		4AAB0F56299B4E8A00B737DC /* Media.xcassets in Resources */ = {isa = PBXBuildFile; fileRef = 4AAB0F55299B4E8A00B737DC /* Media.xcassets */; };
/* End PBXBuildFile section */

/* Begin PBXContainerItemProxy section */
		4A3653142999073700CC01A9 /* PBXContainerItemProxy */ = {
			isa = PBXContainerItemProxy;
			containerPortal = 4A2EA0692998C02C00B00EB7 /* Project object */;
			proxyType = 1;
			remoteGlobalIDString = 4A36530E2999073700CC01A9;
			remoteInfo = NotificationServiceExtension;
		};
		4AAB0F4F299A174D00B737DC /* PBXContainerItemProxy */ = {
			isa = PBXContainerItemProxy;
			containerPortal = 4A2EA0692998C02C00B00EB7 /* Project object */;
			proxyType = 1;
			remoteGlobalIDString = 4AAB0F41299A174D00B737DC;
			remoteInfo = NotificationContentExtension;
		};
/* End PBXContainerItemProxy section */

/* Begin PBXCopyFilesBuildPhase section */
		4A3653172999073700CC01A9 /* Embed Foundation Extensions */ = {
			isa = PBXCopyFilesBuildPhase;
			buildActionMask = 2147483647;
			dstPath = "";
			dstSubfolderSpec = 13;
			files = (
				4A3653162999073700CC01A9 /* NotificationServiceExtension.appex in Embed Foundation Extensions */,
				4AAB0F51299A174D00B737DC /* NotificationContentExtension.appex in Embed Foundation Extensions */,
			);
			name = "Embed Foundation Extensions";
			runOnlyForDeploymentPostprocessing = 0;
		};
/* End PBXCopyFilesBuildPhase section */

/* Begin PBXFileReference section */
		4A2EA0712998C02C00B00EB7 /* ExPush.app */ = {isa = PBXFileReference; explicitFileType = wrapper.application; includeInIndex = 0; path = ExPush.app; sourceTree = BUILT_PRODUCTS_DIR; };
		4A2EA0742998C02C00B00EB7 /* AppDelegate.swift */ = {isa = PBXFileReference; lastKnownFileType = sourcecode.swift; path = AppDelegate.swift; sourceTree = "<group>"; };
		4A2EA0762998C02C00B00EB7 /* SceneDelegate.swift */ = {isa = PBXFileReference; lastKnownFileType = sourcecode.swift; path = SceneDelegate.swift; sourceTree = "<group>"; };
		4A2EA0782998C02C00B00EB7 /* ViewController.swift */ = {isa = PBXFileReference; lastKnownFileType = sourcecode.swift; path = ViewController.swift; sourceTree = "<group>"; };
		4A2EA07B2998C02C00B00EB7 /* Base */ = {isa = PBXFileReference; lastKnownFileType = file.storyboard; name = Base; path = Base.lproj/Main.storyboard; sourceTree = "<group>"; };
		4A2EA07D2998C02D00B00EB7 /* Assets.xcassets */ = {isa = PBXFileReference; lastKnownFileType = folder.assetcatalog; path = Assets.xcassets; sourceTree = "<group>"; };
		4A2EA0802998C02D00B00EB7 /* Base */ = {isa = PBXFileReference; lastKnownFileType = file.storyboard; name = Base; path = Base.lproj/LaunchScreen.storyboard; sourceTree = "<group>"; };
		4A2EA0822998C02D00B00EB7 /* Info.plist */ = {isa = PBXFileReference; lastKnownFileType = text.plist.xml; path = Info.plist; sourceTree = "<group>"; };
		4A2EA0882998C65400B00EB7 /* ExPush.entitlements */ = {isa = PBXFileReference; lastKnownFileType = text.plist.entitlements; path = ExPush.entitlements; sourceTree = "<group>"; };
		4A36530F2999073700CC01A9 /* NotificationServiceExtension.appex */ = {isa = PBXFileReference; explicitFileType = "wrapper.app-extension"; includeInIndex = 0; path = NotificationServiceExtension.appex; sourceTree = BUILT_PRODUCTS_DIR; };
		4A3653112999073700CC01A9 /* NotificationService.swift */ = {isa = PBXFileReference; lastKnownFileType = sourcecode.swift; path = NotificationService.swift; sourceTree = "<group>"; };
		4A3653132999073700CC01A9 /* Info.plist */ = {isa = PBXFileReference; lastKnownFileType = text.plist.xml; path = Info.plist; sourceTree = "<group>"; };
		4AAB0F42299A174D00B737DC /* NotificationContentExtension.appex */ = {isa = PBXFileReference; explicitFileType = "wrapper.app-extension"; includeInIndex = 0; path = NotificationContentExtension.appex; sourceTree = BUILT_PRODUCTS_DIR; };
		4AAB0F44299A174D00B737DC /* UserNotifications.framework */ = {isa = PBXFileReference; lastKnownFileType = wrapper.framework; name = UserNotifications.framework; path = System/Library/Frameworks/UserNotifications.framework; sourceTree = SDKROOT; };
		4AAB0F46299A174D00B737DC /* UserNotificationsUI.framework */ = {isa = PBXFileReference; lastKnownFileType = wrapper.framework; name = UserNotificationsUI.framework; path = System/Library/Frameworks/UserNotificationsUI.framework; sourceTree = SDKROOT; };
		4AAB0F49299A174D00B737DC /* NotificationViewController.swift */ = {isa = PBXFileReference; lastKnownFileType = sourcecode.swift; path = NotificationViewController.swift; sourceTree = "<group>"; };
		4AAB0F4C299A174D00B737DC /* Base */ = {isa = PBXFileReference; lastKnownFileType = file.storyboard; name = Base; path = Base.lproj/MainInterface.storyboard; sourceTree = "<group>"; };
		4AAB0F4E299A174D00B737DC /* Info.plist */ = {isa = PBXFileReference; lastKnownFileType = text.plist.xml; path = Info.plist; sourceTree = "<group>"; };
		4AAB0F55299B4E8A00B737DC /* Media.xcassets */ = {isa = PBXFileReference; lastKnownFileType = folder.assetcatalog; path = Media.xcassets; sourceTree = "<group>"; };
/* End PBXFileReference section */

/* Begin PBXFrameworksBuildPhase section */
		4A2EA06E2998C02C00B00EB7 /* Frameworks */ = {
			isa = PBXFrameworksBuildPhase;
			buildActionMask = 2147483647;
			files = (
			);
			runOnlyForDeploymentPostprocessing = 0;
		};
		4A36530C2999073700CC01A9 /* Frameworks */ = {
			isa = PBXFrameworksBuildPhase;
			buildActionMask = 2147483647;
			files = (
			);
			runOnlyForDeploymentPostprocessing = 0;
		};
		4AAB0F3F299A174D00B737DC /* Frameworks */ = {
			isa = PBXFrameworksBuildPhase;
			buildActionMask = 2147483647;
			files = (
				4AAB0F47299A174D00B737DC /* UserNotificationsUI.framework in Frameworks */,
				4AAB0F45299A174D00B737DC /* UserNotifications.framework in Frameworks */,
			);
			runOnlyForDeploymentPostprocessing = 0;
		};
/* End PBXFrameworksBuildPhase section */

/* Begin PBXGroup section */
		4A2EA0682998C02C00B00EB7 = {
			isa = PBXGroup;
			children = (
				4A2EA0732998C02C00B00EB7 /* ExPush */,
				4A3653102999073700CC01A9 /* NotificationServiceExtension */,
				4AAB0F48299A174D00B737DC /* NotificationContentExtension */,
				4AAB0F43299A174D00B737DC /* Frameworks */,
				4A2EA0722998C02C00B00EB7 /* Products */,
			);
			sourceTree = "<group>";
		};
		4A2EA0722998C02C00B00EB7 /* Products */ = {
			isa = PBXGroup;
			children = (
				4A2EA0712998C02C00B00EB7 /* ExPush.app */,
				4A36530F2999073700CC01A9 /* NotificationServiceExtension.appex */,
				4AAB0F42299A174D00B737DC /* NotificationContentExtension.appex */,
			);
			name = Products;
			sourceTree = "<group>";
		};
		4A2EA0732998C02C00B00EB7 /* ExPush */ = {
			isa = PBXGroup;
			children = (
				4A2EA0882998C65400B00EB7 /* ExPush.entitlements */,
				4A2EA0742998C02C00B00EB7 /* AppDelegate.swift */,
				4A2EA0762998C02C00B00EB7 /* SceneDelegate.swift */,
				4A2EA0782998C02C00B00EB7 /* ViewController.swift */,
				4A2EA07A2998C02C00B00EB7 /* Main.storyboard */,
				4A2EA07D2998C02D00B00EB7 /* Assets.xcassets */,
				4A2EA07F2998C02D00B00EB7 /* LaunchScreen.storyboard */,
				4A2EA0822998C02D00B00EB7 /* Info.plist */,
			);
			path = ExPush;
			sourceTree = "<group>";
		};
		4A3653102999073700CC01A9 /* NotificationServiceExtension */ = {
			isa = PBXGroup;
			children = (
				4A3653112999073700CC01A9 /* NotificationService.swift */,
				4AAB0F55299B4E8A00B737DC /* Media.xcassets */,
				4A3653132999073700CC01A9 /* Info.plist */,
			);
			path = NotificationServiceExtension;
			sourceTree = "<group>";
		};
		4AAB0F43299A174D00B737DC /* Frameworks */ = {
			isa = PBXGroup;
			children = (
				4AAB0F44299A174D00B737DC /* UserNotifications.framework */,
				4AAB0F46299A174D00B737DC /* UserNotificationsUI.framework */,
			);
			name = Frameworks;
			sourceTree = "<group>";
		};
		4AAB0F48299A174D00B737DC /* NotificationContentExtension */ = {
			isa = PBXGroup;
			children = (
				4AAB0F49299A174D00B737DC /* NotificationViewController.swift */,
				4AAB0F4B299A174D00B737DC /* MainInterface.storyboard */,
				4AAB0F4E299A174D00B737DC /* Info.plist */,
			);
			path = NotificationContentExtension;
			sourceTree = "<group>";
		};
/* End PBXGroup section */

/* Begin PBXNativeTarget section */
		4A2EA0702998C02C00B00EB7 /* ExPush */ = {
			isa = PBXNativeTarget;
			buildConfigurationList = 4A2EA0852998C02D00B00EB7 /* Build configuration list for PBXNativeTarget "ExPush" */;
			buildPhases = (
				4A2EA06D2998C02C00B00EB7 /* Sources */,
				4A2EA06E2998C02C00B00EB7 /* Frameworks */,
				4A2EA06F2998C02C00B00EB7 /* Resources */,
				4A3653172999073700CC01A9 /* Embed Foundation Extensions */,
			);
			buildRules = (
			);
			dependencies = (
				4A3653152999073700CC01A9 /* PBXTargetDependency */,
				4AAB0F50299A174D00B737DC /* PBXTargetDependency */,
			);
			name = ExPush;
			productName = ExPush;
			productReference = 4A2EA0712998C02C00B00EB7 /* ExPush.app */;
			productType = "com.apple.product-type.application";
		};
		4A36530E2999073700CC01A9 /* NotificationServiceExtension */ = {
			isa = PBXNativeTarget;
			buildConfigurationList = 4A36531A2999073700CC01A9 /* Build configuration list for PBXNativeTarget "NotificationServiceExtension" */;
			buildPhases = (
				4A36530B2999073700CC01A9 /* Sources */,
				4A36530C2999073700CC01A9 /* Frameworks */,
				4A36530D2999073700CC01A9 /* Resources */,
			);
			buildRules = (
			);
			dependencies = (
			);
			name = NotificationServiceExtension;
			productName = NotificationServiceExtension;
			productReference = 4A36530F2999073700CC01A9 /* NotificationServiceExtension.appex */;
			productType = "com.apple.product-type.app-extension";
		};
		4AAB0F41299A174D00B737DC /* NotificationContentExtension */ = {
			isa = PBXNativeTarget;
			buildConfigurationList = 4AAB0F54299A174D00B737DC /* Build configuration list for PBXNativeTarget "NotificationContentExtension" */;
			buildPhases = (
				4AAB0F3E299A174D00B737DC /* Sources */,
				4AAB0F3F299A174D00B737DC /* Frameworks */,
				4AAB0F40299A174D00B737DC /* Resources */,
			);
			buildRules = (
			);
			dependencies = (
			);
			name = NotificationContentExtension;
			productName = NotificationContentExtension;
			productReference = 4AAB0F42299A174D00B737DC /* NotificationContentExtension.appex */;
			productType = "com.apple.product-type.app-extension";
		};
/* End PBXNativeTarget section */

/* Begin PBXProject section */
		4A2EA0692998C02C00B00EB7 /* Project object */ = {
			isa = PBXProject;
			attributes = {
				BuildIndependentTargetsInParallel = 1;
				LastSwiftUpdateCheck = 1420;
				LastUpgradeCheck = 1420;
				TargetAttributes = {
					4A2EA0702998C02C00B00EB7 = {
						CreatedOnToolsVersion = 14.2;
					};
					4A36530E2999073700CC01A9 = {
						CreatedOnToolsVersion = 14.2;
					};
					4AAB0F41299A174D00B737DC = {
						CreatedOnToolsVersion = 14.2;
					};
				};
			};
			buildConfigurationList = 4A2EA06C2998C02C00B00EB7 /* Build configuration list for PBXProject "ExPush" */;
			compatibilityVersion = "Xcode 14.0";
			developmentRegion = en;
			hasScannedForEncodings = 0;
			knownRegions = (
				en,
				Base,
			);
			mainGroup = 4A2EA0682998C02C00B00EB7;
			productRefGroup = 4A2EA0722998C02C00B00EB7 /* Products */;
			projectDirPath = "";
			projectRoot = "";
			targets = (
				4A2EA0702998C02C00B00EB7 /* ExPush */,
				4A36530E2999073700CC01A9 /* NotificationServiceExtension */,
				4AAB0F41299A174D00B737DC /* NotificationContentExtension */,
			);
		};
/* End PBXProject section */

/* Begin PBXResourcesBuildPhase section */
		4A2EA06F2998C02C00B00EB7 /* Resources */ = {
			isa = PBXResourcesBuildPhase;
			buildActionMask = 2147483647;
			files = (
				4A2EA0812998C02D00B00EB7 /* LaunchScreen.storyboard in Resources */,
				4A2EA07E2998C02D00B00EB7 /* Assets.xcassets in Resources */,
				4A2EA07C2998C02C00B00EB7 /* Main.storyboard in Resources */,
			);
			runOnlyForDeploymentPostprocessing = 0;
		};
		4A36530D2999073700CC01A9 /* Resources */ = {
			isa = PBXResourcesBuildPhase;
			buildActionMask = 2147483647;
			files = (
				4AAB0F56299B4E8A00B737DC /* Media.xcassets in Resources */,
			);
			runOnlyForDeploymentPostprocessing = 0;
		};
		4AAB0F40299A174D00B737DC /* Resources */ = {
			isa = PBXResourcesBuildPhase;
			buildActionMask = 2147483647;
			files = (
				4AAB0F4D299A174D00B737DC /* MainInterface.storyboard in Resources */,
			);
			runOnlyForDeploymentPostprocessing = 0;
		};
/* End PBXResourcesBuildPhase section */

/* Begin PBXSourcesBuildPhase section */
		4A2EA06D2998C02C00B00EB7 /* Sources */ = {
			isa = PBXSourcesBuildPhase;
			buildActionMask = 2147483647;
			files = (
				4A2EA0792998C02C00B00EB7 /* ViewController.swift in Sources */,
				4A2EA0752998C02C00B00EB7 /* AppDelegate.swift in Sources */,
				4A2EA0772998C02C00B00EB7 /* SceneDelegate.swift in Sources */,
			);
			runOnlyForDeploymentPostprocessing = 0;
		};
		4A36530B2999073700CC01A9 /* Sources */ = {
			isa = PBXSourcesBuildPhase;
			buildActionMask = 2147483647;
			files = (
				4A3653122999073700CC01A9 /* NotificationService.swift in Sources */,
			);
			runOnlyForDeploymentPostprocessing = 0;
		};
		4AAB0F3E299A174D00B737DC /* Sources */ = {
			isa = PBXSourcesBuildPhase;
			buildActionMask = 2147483647;
			files = (
				4AAB0F4A299A174D00B737DC /* NotificationViewController.swift in Sources */,
			);
			runOnlyForDeploymentPostprocessing = 0;
		};
/* End PBXSourcesBuildPhase section */

/* Begin PBXTargetDependency section */
		4A3653152999073700CC01A9 /* PBXTargetDependency */ = {
			isa = PBXTargetDependency;
			target = 4A36530E2999073700CC01A9 /* NotificationServiceExtension */;
			targetProxy = 4A3653142999073700CC01A9 /* PBXContainerItemProxy */;
		};
		4AAB0F50299A174D00B737DC /* PBXTargetDependency */ = {
			isa = PBXTargetDependency;
			target = 4AAB0F41299A174D00B737DC /* NotificationContentExtension */;
			targetProxy = 4AAB0F4F299A174D00B737DC /* PBXContainerItemProxy */;
		};
/* End PBXTargetDependency section */

/* Begin PBXVariantGroup section */
		4A2EA07A2998C02C00B00EB7 /* Main.storyboard */ = {
			isa = PBXVariantGroup;
			children = (
				4A2EA07B2998C02C00B00EB7 /* Base */,
			);
			name = Main.storyboard;
			sourceTree = "<group>";
		};
		4A2EA07F2998C02D00B00EB7 /* LaunchScreen.storyboard */ = {
			isa = PBXVariantGroup;
			children = (
				4A2EA0802998C02D00B00EB7 /* Base */,
			);
			name = LaunchScreen.storyboard;
			sourceTree = "<group>";
		};
		4AAB0F4B299A174D00B737DC /* MainInterface.storyboard */ = {
			isa = PBXVariantGroup;
			children = (
				4AAB0F4C299A174D00B737DC /* Base */,
			);
			name = MainInterface.storyboard;
			sourceTree = "<group>";
		};
/* End PBXVariantGroup section */

/* Begin XCBuildConfiguration section */
		4A2EA0832998C02D00B00EB7 /* Debug */ = {
			isa = XCBuildConfiguration;
			buildSettings = {
				ALWAYS_SEARCH_USER_PATHS = NO;
				CLANG_ANALYZER_NONNULL = YES;
				CLANG_ANALYZER_NUMBER_OBJECT_CONVERSION = YES_AGGRESSIVE;
				CLANG_CXX_LANGUAGE_STANDARD = "gnu++20";
				CLANG_ENABLE_MODULES = YES;
				CLANG_ENABLE_OBJC_ARC = YES;
				CLANG_ENABLE_OBJC_WEAK = YES;
				CLANG_WARN_BLOCK_CAPTURE_AUTORELEASING = YES;
				CLANG_WARN_BOOL_CONVERSION = YES;
				CLANG_WARN_COMMA = YES;
				CLANG_WARN_CONSTANT_CONVERSION = YES;
				CLANG_WARN_DEPRECATED_OBJC_IMPLEMENTATIONS = YES;
				CLANG_WARN_DIRECT_OBJC_ISA_USAGE = YES_ERROR;
				CLANG_WARN_DOCUMENTATION_COMMENTS = YES;
				CLANG_WARN_EMPTY_BODY = YES;
				CLANG_WARN_ENUM_CONVERSION = YES;
				CLANG_WARN_INFINITE_RECURSION = YES;
				CLANG_WARN_INT_CONVERSION = YES;
				CLANG_WARN_NON_LITERAL_NULL_CONVERSION = YES;
				CLANG_WARN_OBJC_IMPLICIT_RETAIN_SELF = YES;
				CLANG_WARN_OBJC_LITERAL_CONVERSION = YES;
				CLANG_WARN_OBJC_ROOT_CLASS = YES_ERROR;
				CLANG_WARN_QUOTED_INCLUDE_IN_FRAMEWORK_HEADER = YES;
				CLANG_WARN_RANGE_LOOP_ANALYSIS = YES;
				CLANG_WARN_STRICT_PROTOTYPES = YES;
				CLANG_WARN_SUSPICIOUS_MOVE = YES;
				CLANG_WARN_UNGUARDED_AVAILABILITY = YES_AGGRESSIVE;
				CLANG_WARN_UNREACHABLE_CODE = YES;
				CLANG_WARN__DUPLICATE_METHOD_MATCH = YES;
				COPY_PHASE_STRIP = NO;
				DEBUG_INFORMATION_FORMAT = dwarf;
				ENABLE_STRICT_OBJC_MSGSEND = YES;
				ENABLE_TESTABILITY = YES;
				GCC_C_LANGUAGE_STANDARD = gnu11;
				GCC_DYNAMIC_NO_PIC = NO;
				GCC_NO_COMMON_BLOCKS = YES;
				GCC_OPTIMIZATION_LEVEL = 0;
				GCC_PREPROCESSOR_DEFINITIONS = (
					"DEBUG=1",
					"$(inherited)",
				);
				GCC_WARN_64_TO_32_BIT_CONVERSION = YES;
				GCC_WARN_ABOUT_RETURN_TYPE = YES_ERROR;
				GCC_WARN_UNDECLARED_SELECTOR = YES;
				GCC_WARN_UNINITIALIZED_AUTOS = YES_AGGRESSIVE;
				GCC_WARN_UNUSED_FUNCTION = YES;
				GCC_WARN_UNUSED_VARIABLE = YES;
				IPHONEOS_DEPLOYMENT_TARGET = 14.4;
				MTL_ENABLE_DEBUG_INFO = INCLUDE_SOURCE;
				MTL_FAST_MATH = YES;
				ONLY_ACTIVE_ARCH = YES;
				SDKROOT = iphoneos;
				SWIFT_ACTIVE_COMPILATION_CONDITIONS = DEBUG;
				SWIFT_OPTIMIZATION_LEVEL = "-Onone";
			};
			name = Debug;
		};
		4A2EA0842998C02D00B00EB7 /* Release */ = {
			isa = XCBuildConfiguration;
			buildSettings = {
				ALWAYS_SEARCH_USER_PATHS = NO;
				CLANG_ANALYZER_NONNULL = YES;
				CLANG_ANALYZER_NUMBER_OBJECT_CONVERSION = YES_AGGRESSIVE;
				CLANG_CXX_LANGUAGE_STANDARD = "gnu++20";
				CLANG_ENABLE_MODULES = YES;
				CLANG_ENABLE_OBJC_ARC = YES;
				CLANG_ENABLE_OBJC_WEAK = YES;
				CLANG_WARN_BLOCK_CAPTURE_AUTORELEASING = YES;
				CLANG_WARN_BOOL_CONVERSION = YES;
				CLANG_WARN_COMMA = YES;
				CLANG_WARN_CONSTANT_CONVERSION = YES;
				CLANG_WARN_DEPRECATED_OBJC_IMPLEMENTATIONS = YES;
				CLANG_WARN_DIRECT_OBJC_ISA_USAGE = YES_ERROR;
				CLANG_WARN_DOCUMENTATION_COMMENTS = YES;
				CLANG_WARN_EMPTY_BODY = YES;
				CLANG_WARN_ENUM_CONVERSION = YES;
				CLANG_WARN_INFINITE_RECURSION = YES;
				CLANG_WARN_INT_CONVERSION = YES;
				CLANG_WARN_NON_LITERAL_NULL_CONVERSION = YES;
				CLANG_WARN_OBJC_IMPLICIT_RETAIN_SELF = YES;
				CLANG_WARN_OBJC_LITERAL_CONVERSION = YES;
				CLANG_WARN_OBJC_ROOT_CLASS = YES_ERROR;
				CLANG_WARN_QUOTED_INCLUDE_IN_FRAMEWORK_HEADER = YES;
				CLANG_WARN_RANGE_LOOP_ANALYSIS = YES;
				CLANG_WARN_STRICT_PROTOTYPES = YES;
				CLANG_WARN_SUSPICIOUS_MOVE = YES;
				CLANG_WARN_UNGUARDED_AVAILABILITY = YES_AGGRESSIVE;
				CLANG_WARN_UNREACHABLE_CODE = YES;
				CLANG_WARN__DUPLICATE_METHOD_MATCH = YES;
				COPY_PHASE_STRIP = NO;
				DEBUG_INFORMATION_FORMAT = "dwarf-with-dsym";
				ENABLE_NS_ASSERTIONS = NO;
				ENABLE_STRICT_OBJC_MSGSEND = YES;
				GCC_C_LANGUAGE_STANDARD = gnu11;
				GCC_NO_COMMON_BLOCKS = YES;
				GCC_WARN_64_TO_32_BIT_CONVERSION = YES;
				GCC_WARN_ABOUT_RETURN_TYPE = YES_ERROR;
				GCC_WARN_UNDECLARED_SELECTOR = YES;
				GCC_WARN_UNINITIALIZED_AUTOS = YES_AGGRESSIVE;
				GCC_WARN_UNUSED_FUNCTION = YES;
				GCC_WARN_UNUSED_VARIABLE = YES;
				IPHONEOS_DEPLOYMENT_TARGET = 14.4;
				MTL_ENABLE_DEBUG_INFO = NO;
				MTL_FAST_MATH = YES;
				SDKROOT = iphoneos;
				SWIFT_COMPILATION_MODE = wholemodule;
				SWIFT_OPTIMIZATION_LEVEL = "-O";
				VALIDATE_PRODUCT = YES;
			};
			name = Release;
		};
		4A2EA0862998C02D00B00EB7 /* Debug */ = {
			isa = XCBuildConfiguration;
			buildSettings = {
				ALWAYS_EMBED_SWIFT_STANDARD_LIBRARIES = YES;
				ASSETCATALOG_COMPILER_APPICON_NAME = AppIcon;
				ASSETCATALOG_COMPILER_GLOBAL_ACCENT_COLOR_NAME = AccentColor;
				CODE_SIGN_ENTITLEMENTS = ExPush/ExPush.entitlements;
				CODE_SIGN_IDENTITY = "Apple Development";
				CODE_SIGN_STYLE = Automatic;
				CURRENT_PROJECT_VERSION = 1;
				DEVELOPMENT_TEAM = SS7U83UJNK;
				GENERATE_INFOPLIST_FILE = YES;
				INFOPLIST_FILE = ExPush/Info.plist;
				INFOPLIST_KEY_UIApplicationSupportsIndirectInputEvents = YES;
				INFOPLIST_KEY_UILaunchStoryboardName = LaunchScreen;
				INFOPLIST_KEY_UIMainStoryboardFile = Main;
				INFOPLIST_KEY_UISupportedInterfaceOrientations_iPad = "UIInterfaceOrientationPortrait UIInterfaceOrientationPortraitUpsideDown UIInterfaceOrientationLandscapeLeft UIInterfaceOrientationLandscapeRight";
				INFOPLIST_KEY_UISupportedInterfaceOrientations_iPhone = "UIInterfaceOrientationPortrait UIInterfaceOrientationLandscapeLeft UIInterfaceOrientationLandscapeRight";
				LD_RUNPATH_SEARCH_PATHS = (
					"$(inherited)",
					"@executable_path/Frameworks",
				);
				MARKETING_VERSION = 1.0;
				PRODUCT_BUNDLE_IDENTIFIER = com.jake.ExPush;
				PRODUCT_NAME = "$(TARGET_NAME)";
				PROVISIONING_PROFILE_SPECIFIER = "";
				SWIFT_EMIT_LOC_STRINGS = YES;
				SWIFT_VERSION = 5.0;
				TARGETED_DEVICE_FAMILY = "1,2";
			};
			name = Debug;
		};
		4A2EA0872998C02D00B00EB7 /* Release */ = {
			isa = XCBuildConfiguration;
			buildSettings = {
				ALWAYS_EMBED_SWIFT_STANDARD_LIBRARIES = YES;
				ASSETCATALOG_COMPILER_APPICON_NAME = AppIcon;
				ASSETCATALOG_COMPILER_GLOBAL_ACCENT_COLOR_NAME = AccentColor;
				CODE_SIGN_ENTITLEMENTS = ExPush/ExPush.entitlements;
				CODE_SIGN_IDENTITY = "Apple Development";
				CODE_SIGN_STYLE = Automatic;
				CURRENT_PROJECT_VERSION = 1;
				DEVELOPMENT_TEAM = SS7U83UJNK;
				GENERATE_INFOPLIST_FILE = YES;
				INFOPLIST_FILE = ExPush/Info.plist;
				INFOPLIST_KEY_UIApplicationSupportsIndirectInputEvents = YES;
				INFOPLIST_KEY_UILaunchStoryboardName = LaunchScreen;
				INFOPLIST_KEY_UIMainStoryboardFile = Main;
				INFOPLIST_KEY_UISupportedInterfaceOrientations_iPad = "UIInterfaceOrientationPortrait UIInterfaceOrientationPortraitUpsideDown UIInterfaceOrientationLandscapeLeft UIInterfaceOrientationLandscapeRight";
				INFOPLIST_KEY_UISupportedInterfaceOrientations_iPhone = "UIInterfaceOrientationPortrait UIInterfaceOrientationLandscapeLeft UIInterfaceOrientationLandscapeRight";
				LD_RUNPATH_SEARCH_PATHS = (
					"$(inherited)",
					"@executable_path/Frameworks",
				);
				MARKETING_VERSION = 1.0;
				PRODUCT_BUNDLE_IDENTIFIER = com.jake.ExPush;
				PRODUCT_NAME = "$(TARGET_NAME)";
				PROVISIONING_PROFILE_SPECIFIER = "";
				SWIFT_EMIT_LOC_STRINGS = YES;
				SWIFT_VERSION = 5.0;
				TARGETED_DEVICE_FAMILY = "1,2";
			};
			name = Release;
		};
		4A3653182999073700CC01A9 /* Debug */ = {
			isa = XCBuildConfiguration;
			buildSettings = {
				CODE_SIGN_IDENTITY = "Apple Development";
				CODE_SIGN_STYLE = Automatic;
				CURRENT_PROJECT_VERSION = 1;
				DEVELOPMENT_TEAM = SS7U83UJNK;
				GENERATE_INFOPLIST_FILE = YES;
				INFOPLIST_FILE = NotificationServiceExtension/Info.plist;
				INFOPLIST_KEY_CFBundleDisplayName = NotificationServiceExtension;
				INFOPLIST_KEY_NSHumanReadableCopyright = "";
				IPHONEOS_DEPLOYMENT_TARGET = 16.2;
				LD_RUNPATH_SEARCH_PATHS = (
					"$(inherited)",
					"@executable_path/Frameworks",
					"@executable_path/../../Frameworks",
				);
				MARKETING_VERSION = 1.0;
				PRODUCT_BUNDLE_IDENTIFIER = com.jake.ExPush.NotificationServiceExtension;
				PRODUCT_NAME = "$(TARGET_NAME)";
				SKIP_INSTALL = YES;
				SWIFT_EMIT_LOC_STRINGS = YES;
				SWIFT_VERSION = 5.0;
				TARGETED_DEVICE_FAMILY = "1,2";
			};
			name = Debug;
		};
		4A3653192999073700CC01A9 /* Release */ = {
			isa = XCBuildConfiguration;
			buildSettings = {
				CODE_SIGN_IDENTITY = "Apple Development";
				CODE_SIGN_STYLE = Automatic;
				CURRENT_PROJECT_VERSION = 1;
				DEVELOPMENT_TEAM = SS7U83UJNK;
				GENERATE_INFOPLIST_FILE = YES;
				INFOPLIST_FILE = NotificationServiceExtension/Info.plist;
				INFOPLIST_KEY_CFBundleDisplayName = NotificationServiceExtension;
				INFOPLIST_KEY_NSHumanReadableCopyright = "";
				IPHONEOS_DEPLOYMENT_TARGET = 16.2;
				LD_RUNPATH_SEARCH_PATHS = (
					"$(inherited)",
					"@executable_path/Frameworks",
					"@executable_path/../../Frameworks",
				);
				MARKETING_VERSION = 1.0;
				PRODUCT_BUNDLE_IDENTIFIER = com.jake.ExPush.NotificationServiceExtension;
				PRODUCT_NAME = "$(TARGET_NAME)";
				SKIP_INSTALL = YES;
				SWIFT_EMIT_LOC_STRINGS = YES;
				SWIFT_VERSION = 5.0;
				TARGETED_DEVICE_FAMILY = "1,2";
			};
			name = Release;
		};
		4AAB0F52299A174D00B737DC /* Debug */ = {
			isa = XCBuildConfiguration;
			buildSettings = {
				CODE_SIGN_IDENTITY = "Apple Development";
				CODE_SIGN_STYLE = Automatic;
				CURRENT_PROJECT_VERSION = 1;
				DEVELOPMENT_TEAM = SS7U83UJNK;
				GENERATE_INFOPLIST_FILE = YES;
				INFOPLIST_FILE = NotificationContentExtension/Info.plist;
				INFOPLIST_KEY_CFBundleDisplayName = NotificationContentExtension;
				INFOPLIST_KEY_NSHumanReadableCopyright = "";
				IPHONEOS_DEPLOYMENT_TARGET = 16.2;
				LD_RUNPATH_SEARCH_PATHS = (
					"$(inherited)",
					"@executable_path/Frameworks",
					"@executable_path/../../Frameworks",
				);
				MARKETING_VERSION = 1.0;
				PRODUCT_BUNDLE_IDENTIFIER = com.jake.ExPush.NotificationContentExtension;
				PRODUCT_NAME = "$(TARGET_NAME)";
				SKIP_INSTALL = YES;
				SWIFT_EMIT_LOC_STRINGS = YES;
				SWIFT_VERSION = 5.0;
				TARGETED_DEVICE_FAMILY = "1,2";
			};
			name = Debug;
		};
		4AAB0F53299A174D00B737DC /* Release */ = {
			isa = XCBuildConfiguration;
			buildSettings = {
				CODE_SIGN_IDENTITY = "Apple Development";
				CODE_SIGN_STYLE = Automatic;
				CURRENT_PROJECT_VERSION = 1;
				DEVELOPMENT_TEAM = SS7U83UJNK;
				GENERATE_INFOPLIST_FILE = YES;
				INFOPLIST_FILE = NotificationContentExtension/Info.plist;
				INFOPLIST_KEY_CFBundleDisplayName = NotificationContentExtension;
				INFOPLIST_KEY_NSHumanReadableCopyright = "";
				IPHONEOS_DEPLOYMENT_TARGET = 16.2;
				LD_RUNPATH_SEARCH_PATHS = (
					"$(inherited)",
					"@executable_path/Frameworks",
					"@executable_path/../../Frameworks",
				);
				MARKETING_VERSION = 1.0;
				PRODUCT_BUNDLE_IDENTIFIER = com.jake.ExPush.NotificationContentExtension;
				PRODUCT_NAME = "$(TARGET_NAME)";
				SKIP_INSTALL = YES;
				SWIFT_EMIT_LOC_STRINGS = YES;
				SWIFT_VERSION = 5.0;
				TARGETED_DEVICE_FAMILY = "1,2";
			};
			name = Release;
		};
/* End XCBuildConfiguration section */

/* Begin XCConfigurationList section */
		4A2EA06C2998C02C00B00EB7 /* Build configuration list for PBXProject "ExPush" */ = {
			isa = XCConfigurationList;
			buildConfigurations = (
				4A2EA0832998C02D00B00EB7 /* Debug */,
				4A2EA0842998C02D00B00EB7 /* Release */,
			);
			defaultConfigurationIsVisible = 0;
			defaultConfigurationName = Release;
		};
		4A2EA0852998C02D00B00EB7 /* Build configuration list for PBXNativeTarget "ExPush" */ = {
			isa = XCConfigurationList;
			buildConfigurations = (
				4A2EA0862998C02D00B00EB7 /* Debug */,
				4A2EA0872998C02D00B00EB7 /* Release */,
			);
			defaultConfigurationIsVisible = 0;
			defaultConfigurationName = Release;
		};
		4A36531A2999073700CC01A9 /* Build configuration list for PBXNativeTarget "NotificationServiceExtension" */ = {
			isa = XCConfigurationList;
			buildConfigurations = (
				4A3653182999073700CC01A9 /* Debug */,
				4A3653192999073700CC01A9 /* Release */,
			);
			defaultConfigurationIsVisible = 0;
			defaultConfigurationName = Release;
		};
		4AAB0F54299A174D00B737DC /* Build configuration list for PBXNativeTarget "NotificationContentExtension" */ = {
			isa = XCConfigurationList;
			buildConfigurations = (
				4AAB0F52299A174D00B737DC /* Debug */,
				4AAB0F53299A174D00B737DC /* Release */,
			);
			defaultConfigurationIsVisible = 0;
			defaultConfigurationName = Release;
		};
/* End XCConfigurationList section */
	};
	rootObject = 4A2EA0692998C02C00B00EB7 /* Project object */;
}
